
Microsoft Visual Studio Solution File, Format Version 12.00
# Visual Studio Version 16
VisualStudioVersion = 16.0.30611.23
MinimumVisualStudioVersion = 10.0.40219.1
Project("{FAE04EC0-301F-11D3-BF4B-00C04F79EFBC}") = "Education", "Education\Education.csproj", "{6045434D-AB4B-44FE-9099-A8DAAC0E76D2}"
EndProject
Global
	GlobalSection(SolutionConfigurationPlatforms) = preSolution
		Debug|Any CPU = Debug|Any CPU
		Release|Any CPU = Release|Any CPU
	EndGlobalSection
	GlobalSection(ProjectConfigurationPlatforms) = postSolution
		{6045434D-AB4B-44FE-9099-A8DAAC0E76D2}.Debug|Any CPU.ActiveCfg = Debug|Any CPU
		{6045434D-AB4B-44FE-9099-A8DAAC0E76D2}.Debug|Any CPU.Build.0 = Debug|Any CPU
		{6045434D-AB4B-44FE-9099-A8DAAC0E76D2}.Release|Any CPU.ActiveCfg = Release|Any CPU
		{6045434D-AB4B-44FE-9099-A8DAAC0E76D2}.Release|Any CPU.Build.0 = Release|Any CPU
	EndGlobalSection
	GlobalSection(SolutionProperties) = preSolution
		HideSolutionNode = FALSE
	EndGlobalSection
	GlobalSection(ExtensibilityGlobals) = postSolution
		SolutionGuid = {D6793C9E-018B-44F8-B869-E2478CA76B45}
	EndGlobalSection
EndGlobal
